
Microsoft Visual Studio Solution File, Format Version 12.00
# Visual Studio Version 16
VisualStudioVersion = 16.0.31112.23
MinimumVisualStudioVersion = 10.0.40219.1
Project("{FAE04EC0-301F-11D3-BF4B-00C04F79EFBC}") = "Csharp01a", "Csharp01a\Csharp01a.csproj", "{6CDBA213-FB83-46BF-B9A3-EB2D2C6861BB}"
EndProject
Global
	GlobalSection(SolutionConfigurationPlatforms) = preSolution
		Debug|Any CPU = Debug|Any CPU
		Release|Any CPU = Release|Any CPU
	EndGlobalSection
	GlobalSection(ProjectConfigurationPlatforms) = postSolution
		{6CDBA213-FB83-46BF-B9A3-EB2D2C6861BB}.Debug|Any CPU.ActiveCfg = Debug|Any CPU
		{6CDBA213-FB83-46BF-B9A3-EB2D2C6861BB}.Debug|Any CPU.Build.0 = Debug|Any CPU
		{6CDBA213-FB83-46BF-B9A3-EB2D2C6861BB}.Release|Any CPU.ActiveCfg = Release|Any CPU
		{6CDBA213-FB83-46BF-B9A3-EB2D2C6861BB}.Release|Any CPU.Build.0 = Release|Any CPU
	EndGlobalSection
	GlobalSection(SolutionProperties) = preSolution
		HideSolutionNode = FALSE
	EndGlobalSection
	GlobalSection(ExtensibilityGlobals) = postSolution
		SolutionGuid = {04D49E29-BE81-4B2B-9215-3112C8F642EC}
	EndGlobalSection
EndGlobal
