
Microsoft Visual Studio Solution File, Format Version 12.00
# Visual Studio Version 17
VisualStudioVersion = 17.11.35312.102
MinimumVisualStudioVersion = 10.0.40219.1
Project("{8BC9CEB8-8B4A-11D0-8D11-00A0C91BC942}") = "HW2", "HW2\HW2.vcxproj", "{9B9D0F38-EB03-48D2-AC24-E2C86BB6089F}"
EndProject
Global
	GlobalSection(SolutionConfigurationPlatforms) = preSolution
		Debug|x64 = Debug|x64
		Debug|x86 = Debug|x86
		Release|x64 = Release|x64
		Release|x86 = Release|x86
	EndGlobalSection
	GlobalSection(ProjectConfigurationPlatforms) = postSolution
		{9B9D0F38-EB03-48D2-AC24-E2C86BB6089F}.Debug|x64.ActiveCfg = Debug|x64
		{9B9D0F38-EB03-48D2-AC24-E2C86BB6089F}.Debug|x64.Build.0 = Debug|x64
		{9B9D0F38-EB03-48D2-AC24-E2C86BB6089F}.Debug|x86.ActiveCfg = Debug|Win32
		{9B9D0F38-EB03-48D2-AC24-E2C86BB6089F}.Debug|x86.Build.0 = Debug|Win32
		{9B9D0F38-EB03-48D2-AC24-E2C86BB6089F}.Release|x64.ActiveCfg = Release|x64
		{9B9D0F38-EB03-48D2-AC24-E2C86BB6089F}.Release|x64.Build.0 = Release|x64
		{9B9D0F38-EB03-48D2-AC24-E2C86BB6089F}.Release|x86.ActiveCfg = Release|Win32
		{9B9D0F38-EB03-48D2-AC24-E2C86BB6089F}.Release|x86.Build.0 = Release|Win32
	EndGlobalSection
	GlobalSection(SolutionProperties) = preSolution
		HideSolutionNode = FALSE
	EndGlobalSection
	GlobalSection(ExtensibilityGlobals) = postSolution
		SolutionGuid = {70701A50-FA61-4710-8044-3BCDCFD31EF0}
	EndGlobalSection
EndGlobal
